
Microsoft Visual Studio Solution File, Format Version 12.00
# Visual Studio Version 16
VisualStudioVersion = 16.0.32602.291
MinimumVisualStudioVersion = 10.0.40219.1
Project("{FAE04EC0-301F-11D3-BF4B-00C04F79EFBC}") = "AngularCore", "AngularCore\AngularCore.csproj", "{49ABE7BA-92F6-4A0A-86A8-ED93F3833439}"
EndProject
Global
	GlobalSection(SolutionConfigurationPlatforms) = preSolution
		Debug|Any CPU = Debug|Any CPU
		Release|Any CPU = Release|Any CPU
	EndGlobalSection
	GlobalSection(ProjectConfigurationPlatforms) = postSolution
		{49ABE7BA-92F6-4A0A-86A8-ED93F3833439}.Debug|Any CPU.ActiveCfg = Debug|Any CPU
		{49ABE7BA-92F6-4A0A-86A8-ED93F3833439}.Debug|Any CPU.Build.0 = Debug|Any CPU
		{49ABE7BA-92F6-4A0A-86A8-ED93F3833439}.Release|Any CPU.ActiveCfg = Release|Any CPU
		{49ABE7BA-92F6-4A0A-86A8-ED93F3833439}.Release|Any CPU.Build.0 = Release|Any CPU
	EndGlobalSection
	GlobalSection(SolutionProperties) = preSolution
		HideSolutionNode = FALSE
	EndGlobalSection
	GlobalSection(ExtensibilityGlobals) = postSolution
		SolutionGuid = {26183D7E-A1F9-4D62-AEE4-0A39A4C139F0}
	EndGlobalSection
EndGlobal
